
Microsoft Visual Studio Solution File, Format Version 12.00
# Visual Studio Version 16
VisualStudioVersion = 16.0.29503.13
MinimumVisualStudioVersion = 10.0.40219.1
Project("{9A19103F-16F7-4668-BE54-9A1E7A4F7556}") = "AlmApp.Web", "AlmApp.Web\AlmApp.Web.csproj", "{99847D73-9C8C-4405-8FB6-B75EBC08CDE4}"
EndProject
Project("{9A19103F-16F7-4668-BE54-9A1E7A4F7556}") = "AlmApp.Test", "AlmApp.Test\AlmApp.Test.csproj", "{4BBA8094-315E-46B9-9B0F-D97DD7C3D242}"
	ProjectSection(ProjectDependencies) = postProject
		{99847D73-9C8C-4405-8FB6-B75EBC08CDE4} = {99847D73-9C8C-4405-8FB6-B75EBC08CDE4}
	EndProjectSection
EndProject
Global
	GlobalSection(SolutionConfigurationPlatforms) = preSolution
		Debug|Any CPU = Debug|Any CPU
		Release|Any CPU = Release|Any CPU
	EndGlobalSection
	GlobalSection(ProjectConfigurationPlatforms) = postSolution
		{99847D73-9C8C-4405-8FB6-B75EBC08CDE4}.Debug|Any CPU.ActiveCfg = Debug|Any CPU
		{99847D73-9C8C-4405-8FB6-B75EBC08CDE4}.Debug|Any CPU.Build.0 = Debug|Any CPU
		{99847D73-9C8C-4405-8FB6-B75EBC08CDE4}.Release|Any CPU.ActiveCfg = Release|Any CPU
		{99847D73-9C8C-4405-8FB6-B75EBC08CDE4}.Release|Any CPU.Build.0 = Release|Any CPU
		{4BBA8094-315E-46B9-9B0F-D97DD7C3D242}.Debug|Any CPU.ActiveCfg = Debug|Any CPU
		{4BBA8094-315E-46B9-9B0F-D97DD7C3D242}.Debug|Any CPU.Build.0 = Debug|Any CPU
		{4BBA8094-315E-46B9-9B0F-D97DD7C3D242}.Release|Any CPU.ActiveCfg = Release|Any CPU
		{4BBA8094-315E-46B9-9B0F-D97DD7C3D242}.Release|Any CPU.Build.0 = Release|Any CPU
	EndGlobalSection
	GlobalSection(SolutionProperties) = preSolution
		HideSolutionNode = FALSE
	EndGlobalSection
	GlobalSection(ExtensibilityGlobals) = postSolution
		SolutionGuid = {6F3C4051-E656-4BAE-AB45-43EA5CE08F0D}
	EndGlobalSection
EndGlobal
